// !$*UTF8*$!
{
	archiveVersion = 1;
	classes = {
	};
	objectVersion = 46;
	objects = {

/* Begin PBXBuildFile section */
		CEF05E0625C3924000A89BCA /* AppDelegate.swift in Sources */ = {isa = PBXBuildFile; fileRef = CEF05E0525C3924000A89BCA /* AppDelegate.swift */; };
		CEF05E0825C3924000A89BCA /* ViewController.swift in Sources */ = {isa = PBXBuildFile; fileRef = CEF05E0725C3924000A89BCA /* ViewController.swift */; };
		CEF05E0B25C3924000A89BCA /* Main.storyboard in Resources */ = {isa = PBXBuildFile; fileRef = CEF05E0925C3924000A89BCA /* Main.storyboard */; };
		CEF05E0D25C3924000A89BCA /* Assets.xcassets in Resources */ = {isa = PBXBuildFile; fileRef = CEF05E0C25C3924000A89BCA /* Assets.xcassets */; };
		CEF05E1025C3924000A89BCA /* LaunchScreen.storyboard in Resources */ = {isa = PBXBuildFile; fileRef = CEF05E0E25C3924000A89BCA /* LaunchScreen.storyboard */; };
/* End PBXBuildFile section */

/* Begin PBXFileReference section */
		CEF05E0225C3924000A89BCA /* PracticeAlarmClock.app */ = {isa = PBXFileReference; explicitFileType = wrapper.application; includeInIndex = 0; path = PracticeAlarmClock.app; sourceTree = BUILT_PRODUCTS_DIR; };
		CEF05E0525C3924000A89BCA /* AppDelegate.swift */ = {isa = PBXFileReference; lastKnownFileType = sourcecode.swift; path = AppDelegate.swift; sourceTree = "<group>"; };
		CEF05E0725C3924000A89BCA /* ViewController.swift */ = {isa = PBXFileReference; lastKnownFileType = sourcecode.swift; path = ViewController.swift; sourceTree = "<group>"; };
		CEF05E0A25C3924000A89BCA /* Base */ = {isa = PBXFileReference; lastKnownFileType = file.storyboard; name = Base; path = Base.lproj/Main.storyboard; sourceTree = "<group>"; };
		CEF05E0C25C3924000A89BCA /* Assets.xcassets */ = {isa = PBXFileReference; lastKnownFileType = folder.assetcatalog; path = Assets.xcassets; sourceTree = "<group>"; };
		CEF05E0F25C3924000A89BCA /* Base */ = {isa = PBXFileReference; lastKnownFileType = file.storyboard; name = Base; path = Base.lproj/LaunchScreen.storyboard; sourceTree = "<group>"; };
		CEF05E1125C3924000A89BCA /* Info.plist */ = {isa = PBXFileReference; lastKnownFileType = text.plist.xml; path = Info.plist; sourceTree = "<group>"; };
/* End PBXFileReference section */

/* Begin PBXFrameworksBuildPhase section */
		CEF05DFF25C3924000A89BCA /* Frameworks */ = {
			isa = PBXFrameworksBuildPhase;
			buildActionMask = 2147483647;
			files = (
			);
			runOnlyForDeploymentPostprocessing = 0;
		};
/* End PBXFrameworksBuildPhase section */

/* Begin PBXGroup section */
		CEF05DF925C3924000A89BCA = {
			isa = PBXGroup;
			children = (
				CEF05E0425C3924000A89BCA /* PracticeAlarmClock */,
				CEF05E0325C3924000A89BCA /* Products */,
			);
			sourceTree = "<group>";
		};
		CEF05E0325C3924000A89BCA /* Products */ = {
			isa = PBXGroup;
			children = (
				CEF05E0225C3924000A89BCA /* PracticeAlarmClock.app */,
			);
			name = Products;
			sourceTree = "<group>";
		};
		CEF05E0425C3924000A89BCA /* PracticeAlarmClock */ = {
			isa = PBXGroup;
			children = (
				CEF05E0525C3924000A89BCA /* AppDelegate.swift */,
				CEF05E0725C3924000A89BCA /* ViewController.swift */,
				CEF05E0925C3924000A89BCA /* Main.storyboard */,
				CEF05E0C25C3924000A89BCA /* Assets.xcassets */,
				CEF05E0E25C3924000A89BCA /* LaunchScreen.storyboard */,
				CEF05E1125C3924000A89BCA /* Info.plist */,
			);
			path = PracticeAlarmClock;
			sourceTree = "<group>";
		};
/* End PBXGroup section */

/* Begin PBXNativeTarget section */
		CEF05E0125C3924000A89BCA /* PracticeAlarmClock */ = {
			isa = PBXNativeTarget;
			buildConfigurationList = CEF05E1425C3924000A89BCA /* Build configuration list for PBXNativeTarget "PracticeAlarmClock" */;
			buildPhases = (
				CEF05DFE25C3924000A89BCA /* Sources */,
				CEF05DFF25C3924000A89BCA /* Frameworks */,
				CEF05E0025C3924000A89BCA /* Resources */,
			);
			buildRules = (
			);
			dependencies = (
			);
			name = PracticeAlarmClock;
			productName = PracticeAlarmClock;
			productReference = CEF05E0225C3924000A89BCA /* PracticeAlarmClock.app */;
			productType = "com.apple.product-type.application";
		};
/* End PBXNativeTarget section */

/* Begin PBXProject section */
		CEF05DFA25C3924000A89BCA /* Project object */ = {
			isa = PBXProject;
			attributes = {
				LastSwiftUpdateCheck = 0820;
				LastUpgradeCheck = 0820;
				ORGANIZATIONNAME = "유저";
				TargetAttributes = {
					CEF05E0125C3924000A89BCA = {
						CreatedOnToolsVersion = 8.2.1;
						ProvisioningStyle = Automatic;
					};
				};
			};
			buildConfigurationList = CEF05DFD25C3924000A89BCA /* Build configuration list for PBXProject "PracticeAlarmClock" */;
			compatibilityVersion = "Xcode 3.2";
			developmentRegion = English;
			hasScannedForEncodings = 0;
			knownRegions = (
				en,
				Base,
			);
			mainGroup = CEF05DF925C3924000A89BCA;
			productRefGroup = CEF05E0325C3924000A89BCA /* Products */;
			projectDirPath = "";
			projectRoot = "";
			targets = (
				CEF05E0125C3924000A89BCA /* PracticeAlarmClock */,
			);
		};
/* End PBXProject section */

/* Begin PBXResourcesBuildPhase section */
		CEF05E0025C3924000A89BCA /* Resources */ = {
			isa = PBXResourcesBuildPhase;
			buildActionMask = 2147483647;
			files = (
				CEF05E1025C3924000A89BCA /* LaunchScreen.storyboard in Resources */,
				CEF05E0D25C3924000A89BCA /* Assets.xcassets in Resources */,
				CEF05E0B25C3924000A89BCA /* Main.storyboard in Resources */,
			);
			runOnlyForDeploymentPostprocessing = 0;
		};
/* End PBXResourcesBuildPhase section */

/* Begin PBXSourcesBuildPhase section */
		CEF05DFE25C3924000A89BCA /* Sources */ = {
			isa = PBXSourcesBuildPhase;
			buildActionMask = 2147483647;
			files = (
				CEF05E0825C3924000A89BCA /* ViewController.swift in Sources */,
				CEF05E0625C3924000A89BCA /* AppDelegate.swift in Sources */,
			);
			runOnlyForDeploymentPostprocessing = 0;
		};
/* End PBXSourcesBuildPhase section */

/* Begin PBXVariantGroup section */
		CEF05E0925C3924000A89BCA /* Main.storyboard */ = {
			isa = PBXVariantGroup;
			children = (
				CEF05E0A25C3924000A89BCA /* Base */,
			);
			name = Main.storyboard;
			sourceTree = "<group>";
		};
		CEF05E0E25C3924000A89BCA /* LaunchScreen.storyboard */ = {
			isa = PBXVariantGroup;
			children = (
				CEF05E0F25C3924000A89BCA /* Base */,
			);
			name = LaunchScreen.storyboard;
			sourceTree = "<group>";
		};
/* End PBXVariantGroup section */

/* Begin XCBuildConfiguration section */
		CEF05E1225C3924000A89BCA /* Debug */ = {
			isa = XCBuildConfiguration;
			buildSettings = {
				ALWAYS_SEARCH_USER_PATHS = NO;
				CLANG_ANALYZER_NONNULL = YES;
				CLANG_CXX_LANGUAGE_STANDARD = "gnu++0x";
				CLANG_CXX_LIBRARY = "libc++";
				CLANG_ENABLE_MODULES = YES;
				CLANG_ENABLE_OBJC_ARC = YES;
				CLANG_WARN_BOOL_CONVERSION = YES;
				CLANG_WARN_CONSTANT_CONVERSION = YES;
				CLANG_WARN_DIRECT_OBJC_ISA_USAGE = YES_ERROR;
				CLANG_WARN_DOCUMENTATION_COMMENTS = YES;
				CLANG_WARN_EMPTY_BODY = YES;
				CLANG_WARN_ENUM_CONVERSION = YES;
				CLANG_WARN_INFINITE_RECURSION = YES;
				CLANG_WARN_INT_CONVERSION = YES;
				CLANG_WARN_OBJC_ROOT_CLASS = YES_ERROR;
				CLANG_WARN_SUSPICIOUS_MOVE = YES;
				CLANG_WARN_UNREACHABLE_CODE = YES;
				CLANG_WARN__DUPLICATE_METHOD_MATCH = YES;
				"CODE_SIGN_IDENTITY[sdk=iphoneos*]" = "iPhone Developer";
				COPY_PHASE_STRIP = NO;
				DEBUG_INFORMATION_FORMAT = dwarf;
				ENABLE_STRICT_OBJC_MSGSEND = YES;
				ENABLE_TESTABILITY = YES;
				GCC_C_LANGUAGE_STANDARD = gnu99;
				GCC_DYNAMIC_NO_PIC = NO;
				GCC_NO_COMMON_BLOCKS = YES;
				GCC_OPTIMIZATION_LEVEL = 0;
				GCC_PREPROCESSOR_DEFINITIONS = (
					"DEBUG=1",
					"$(inherited)",
				);
				GCC_WARN_64_TO_32_BIT_CONVERSION = YES;
				GCC_WARN_ABOUT_RETURN_TYPE = YES_ERROR;
				GCC_WARN_UNDECLARED_SELECTOR = YES;
				GCC_WARN_UNINITIALIZED_AUTOS = YES_AGGRESSIVE;
				GCC_WARN_UNUSED_FUNCTION = YES;
				GCC_WARN_UNUSED_VARIABLE = YES;
				IPHONEOS_DEPLOYMENT_TARGET = 10.2;
				MTL_ENABLE_DEBUG_INFO = YES;
				ONLY_ACTIVE_ARCH = YES;
				SDKROOT = iphoneos;
				SWIFT_ACTIVE_COMPILATION_CONDITIONS = DEBUG;
				SWIFT_OPTIMIZATION_LEVEL = "-Onone";
				TARGETED_DEVICE_FAMILY = "1,2";
			};
			name = Debug;
		};
		CEF05E1325C3924000A89BCA /* Release */ = {
			isa = XCBuildConfiguration;
			buildSettings = {
				ALWAYS_SEARCH_USER_PATHS = NO;
				CLANG_ANALYZER_NONNULL = YES;
				CLANG_CXX_LANGUAGE_STANDARD = "gnu++0x";
				CLANG_CXX_LIBRARY = "libc++";
				CLANG_ENABLE_MODULES = YES;
				CLANG_ENABLE_OBJC_ARC = YES;
				CLANG_WARN_BOOL_CONVERSION = YES;
				CLANG_WARN_CONSTANT_CONVERSION = YES;
				CLANG_WARN_DIRECT_OBJC_ISA_USAGE = YES_ERROR;
				CLANG_WARN_DOCUMENTATION_COMMENTS = YES;
				CLANG_WARN_EMPTY_BODY = YES;
				CLANG_WARN_ENUM_CONVERSION = YES;
				CLANG_WARN_INFINITE_RECURSION = YES;
				CLANG_WARN_INT_CONVERSION = YES;
				CLANG_WARN_OBJC_ROOT_CLASS = YES_ERROR;
				CLANG_WARN_SUSPICIOUS_MOVE = YES;
				CLANG_WARN_UNREACHABLE_CODE = YES;
				CLANG_WARN__DUPLICATE_METHOD_MATCH = YES;
				"CODE_SIGN_IDENTITY[sdk=iphoneos*]" = "iPhone Developer";
				COPY_PHASE_STRIP = NO;
				DEBUG_INFORMATION_FORMAT = "dwarf-with-dsym";
				ENABLE_NS_ASSERTIONS = NO;
				ENABLE_STRICT_OBJC_MSGSEND = YES;
				GCC_C_LANGUAGE_STANDARD = gnu99;
				GCC_NO_COMMON_BLOCKS = YES;
				GCC_WARN_64_TO_32_BIT_CONVERSION = YES;
				GCC_WARN_ABOUT_RETURN_TYPE = YES_ERROR;
				GCC_WARN_UNDECLARED_SELECTOR = YES;
				GCC_WARN_UNINITIALIZED_AUTOS = YES_AGGRESSIVE;
				GCC_WARN_UNUSED_FUNCTION = YES;
				GCC_WARN_UNUSED_VARIABLE = YES;
				IPHONEOS_DEPLOYMENT_TARGET = 10.2;
				MTL_ENABLE_DEBUG_INFO = NO;
				SDKROOT = iphoneos;
				SWIFT_OPTIMIZATION_LEVEL = "-Owholemodule";
				TARGETED_DEVICE_FAMILY = "1,2";
				VALIDATE_PRODUCT = YES;
			};
			name = Release;
		};
		CEF05E1525C3924000A89BCA /* Debug */ = {
			isa = XCBuildConfiguration;
			buildSettings = {
				ASSETCATALOG_COMPILER_APPICON_NAME = AppIcon;
				INFOPLIST_FILE = PracticeAlarmClock/Info.plist;
				LD_RUNPATH_SEARCH_PATHS = "$(inherited) @executable_path/Frameworks";
				PRODUCT_BUNDLE_IDENTIFIER = net.macnpc.PracticeAlarmClock;
				PRODUCT_NAME = "$(TARGET_NAME)";
				SWIFT_VERSION = 3.0;
			};
			name = Debug;
		};
		CEF05E1625C3924000A89BCA /* Release */ = {
			isa = XCBuildConfiguration;
			buildSettings = {
				ASSETCATALOG_COMPILER_APPICON_NAME = AppIcon;
				INFOPLIST_FILE = PracticeAlarmClock/Info.plist;
				LD_RUNPATH_SEARCH_PATHS = "$(inherited) @executable_path/Frameworks";
				PRODUCT_BUNDLE_IDENTIFIER = net.macnpc.PracticeAlarmClock;
				PRODUCT_NAME = "$(TARGET_NAME)";
				SWIFT_VERSION = 3.0;
			};
			name = Release;
		};
/* End XCBuildConfiguration section */

/* Begin XCConfigurationList section */
		CEF05DFD25C3924000A89BCA /* Build configuration list for PBXProject "PracticeAlarmClock" */ = {
			isa = XCConfigurationList;
			buildConfigurations = (
				CEF05E1225C3924000A89BCA /* Debug */,
				CEF05E1325C3924000A89BCA /* Release */,
			);
			defaultConfigurationIsVisible = 0;
			defaultConfigurationName = Release;
		};
		CEF05E1425C3924000A89BCA /* Build configuration list for PBXNativeTarget "PracticeAlarmClock" */ = {
			isa = XCConfigurationList;
			buildConfigurations = (
				CEF05E1525C3924000A89BCA /* Debug */,
				CEF05E1625C3924000A89BCA /* Release */,
			);
			defaultConfigurationIsVisible = 0;
		};
/* End XCConfigurationList section */
	};
	rootObject = CEF05DFA25C3924000A89BCA /* Project object */;
}
