// !$*UTF8*$!
{
	archiveVersion = 1;
	classes = {
	};
	objectVersion = 46;
	objects = {

/* Begin PBXBuildFile section */
		CE09D02425D3A375002C0F1B /* AppDelegate.swift in Sources */ = {isa = PBXBuildFile; fileRef = CE09D02325D3A375002C0F1B /* AppDelegate.swift */; };
		CE09D02625D3A375002C0F1B /* ViewController.swift in Sources */ = {isa = PBXBuildFile; fileRef = CE09D02525D3A375002C0F1B /* ViewController.swift */; };
		CE09D02925D3A375002C0F1B /* Main.storyboard in Resources */ = {isa = PBXBuildFile; fileRef = CE09D02725D3A375002C0F1B /* Main.storyboard */; };
		CE09D02B25D3A375002C0F1B /* Assets.xcassets in Resources */ = {isa = PBXBuildFile; fileRef = CE09D02A25D3A375002C0F1B /* Assets.xcassets */; };
		CE09D02E25D3A375002C0F1B /* LaunchScreen.storyboard in Resources */ = {isa = PBXBuildFile; fileRef = CE09D02C25D3A375002C0F1B /* LaunchScreen.storyboard */; };
		CE09D03F25D3A39C002C0F1B /* arrow-down-black.png in Resources */ = {isa = PBXBuildFile; fileRef = CE09D03725D3A39C002C0F1B /* arrow-down-black.png */; };
		CE09D04025D3A39C002C0F1B /* arrow-down-red.png in Resources */ = {isa = PBXBuildFile; fileRef = CE09D03825D3A39C002C0F1B /* arrow-down-red.png */; };
		CE09D04125D3A39C002C0F1B /* arrow-left-black.png in Resources */ = {isa = PBXBuildFile; fileRef = CE09D03925D3A39C002C0F1B /* arrow-left-black.png */; };
		CE09D04225D3A39C002C0F1B /* arrow-left-red.png in Resources */ = {isa = PBXBuildFile; fileRef = CE09D03A25D3A39C002C0F1B /* arrow-left-red.png */; };
		CE09D04325D3A39C002C0F1B /* arrow-right-black.png in Resources */ = {isa = PBXBuildFile; fileRef = CE09D03B25D3A39C002C0F1B /* arrow-right-black.png */; };
		CE09D04425D3A39C002C0F1B /* arrow-right-red.png in Resources */ = {isa = PBXBuildFile; fileRef = CE09D03C25D3A39C002C0F1B /* arrow-right-red.png */; };
		CE09D04525D3A39C002C0F1B /* arrow-up-black.png in Resources */ = {isa = PBXBuildFile; fileRef = CE09D03D25D3A39C002C0F1B /* arrow-up-black.png */; };
		CE09D04625D3A39C002C0F1B /* arrow-up-red.png in Resources */ = {isa = PBXBuildFile; fileRef = CE09D03E25D3A39C002C0F1B /* arrow-up-red.png */; };
		CE09D04B25D3A7B0002C0F1B /* arrow-down-green.png in Resources */ = {isa = PBXBuildFile; fileRef = CE09D04725D3A7B0002C0F1B /* arrow-down-green.png */; };
		CE09D04C25D3A7B0002C0F1B /* arrow-left-green.png in Resources */ = {isa = PBXBuildFile; fileRef = CE09D04825D3A7B0002C0F1B /* arrow-left-green.png */; };
		CE09D04D25D3A7B0002C0F1B /* arrow-right-green.png in Resources */ = {isa = PBXBuildFile; fileRef = CE09D04925D3A7B0002C0F1B /* arrow-right-green.png */; };
		CE09D04E25D3A7B0002C0F1B /* arrow-up-green.png in Resources */ = {isa = PBXBuildFile; fileRef = CE09D04A25D3A7B0002C0F1B /* arrow-up-green.png */; };
/* End PBXBuildFile section */

/* Begin PBXFileReference section */
		CE09D02025D3A375002C0F1B /* SwipeGesture.app */ = {isa = PBXFileReference; explicitFileType = wrapper.application; includeInIndex = 0; path = SwipeGesture.app; sourceTree = BUILT_PRODUCTS_DIR; };
		CE09D02325D3A375002C0F1B /* AppDelegate.swift */ = {isa = PBXFileReference; lastKnownFileType = sourcecode.swift; path = AppDelegate.swift; sourceTree = "<group>"; };
		CE09D02525D3A375002C0F1B /* ViewController.swift */ = {isa = PBXFileReference; lastKnownFileType = sourcecode.swift; path = ViewController.swift; sourceTree = "<group>"; };
		CE09D02825D3A375002C0F1B /* Base */ = {isa = PBXFileReference; lastKnownFileType = file.storyboard; name = Base; path = Base.lproj/Main.storyboard; sourceTree = "<group>"; };
		CE09D02A25D3A375002C0F1B /* Assets.xcassets */ = {isa = PBXFileReference; lastKnownFileType = folder.assetcatalog; path = Assets.xcassets; sourceTree = "<group>"; };
		CE09D02D25D3A375002C0F1B /* Base */ = {isa = PBXFileReference; lastKnownFileType = file.storyboard; name = Base; path = Base.lproj/LaunchScreen.storyboard; sourceTree = "<group>"; };
		CE09D02F25D3A375002C0F1B /* Info.plist */ = {isa = PBXFileReference; lastKnownFileType = text.plist.xml; path = Info.plist; sourceTree = "<group>"; };
		CE09D03725D3A39C002C0F1B /* arrow-down-black.png */ = {isa = PBXFileReference; lastKnownFileType = image.png; path = "arrow-down-black.png"; sourceTree = "<group>"; };
		CE09D03825D3A39C002C0F1B /* arrow-down-red.png */ = {isa = PBXFileReference; lastKnownFileType = image.png; path = "arrow-down-red.png"; sourceTree = "<group>"; };
		CE09D03925D3A39C002C0F1B /* arrow-left-black.png */ = {isa = PBXFileReference; lastKnownFileType = image.png; path = "arrow-left-black.png"; sourceTree = "<group>"; };
		CE09D03A25D3A39C002C0F1B /* arrow-left-red.png */ = {isa = PBXFileReference; lastKnownFileType = image.png; path = "arrow-left-red.png"; sourceTree = "<group>"; };
		CE09D03B25D3A39C002C0F1B /* arrow-right-black.png */ = {isa = PBXFileReference; lastKnownFileType = image.png; path = "arrow-right-black.png"; sourceTree = "<group>"; };
		CE09D03C25D3A39C002C0F1B /* arrow-right-red.png */ = {isa = PBXFileReference; lastKnownFileType = image.png; path = "arrow-right-red.png"; sourceTree = "<group>"; };
		CE09D03D25D3A39C002C0F1B /* arrow-up-black.png */ = {isa = PBXFileReference; lastKnownFileType = image.png; path = "arrow-up-black.png"; sourceTree = "<group>"; };
		CE09D03E25D3A39C002C0F1B /* arrow-up-red.png */ = {isa = PBXFileReference; lastKnownFileType = image.png; path = "arrow-up-red.png"; sourceTree = "<group>"; };
		CE09D04725D3A7B0002C0F1B /* arrow-down-green.png */ = {isa = PBXFileReference; lastKnownFileType = image.png; path = "arrow-down-green.png"; sourceTree = "<group>"; };
		CE09D04825D3A7B0002C0F1B /* arrow-left-green.png */ = {isa = PBXFileReference; lastKnownFileType = image.png; path = "arrow-left-green.png"; sourceTree = "<group>"; };
		CE09D04925D3A7B0002C0F1B /* arrow-right-green.png */ = {isa = PBXFileReference; lastKnownFileType = image.png; path = "arrow-right-green.png"; sourceTree = "<group>"; };
		CE09D04A25D3A7B0002C0F1B /* arrow-up-green.png */ = {isa = PBXFileReference; lastKnownFileType = image.png; path = "arrow-up-green.png"; sourceTree = "<group>"; };
/* End PBXFileReference section */

/* Begin PBXFrameworksBuildPhase section */
		CE09D01D25D3A375002C0F1B /* Frameworks */ = {
			isa = PBXFrameworksBuildPhase;
			buildActionMask = 2147483647;
			files = (
			);
			runOnlyForDeploymentPostprocessing = 0;
		};
/* End PBXFrameworksBuildPhase section */

/* Begin PBXGroup section */
		CE09D01725D3A375002C0F1B = {
			isa = PBXGroup;
			children = (
				CE09D02225D3A375002C0F1B /* SwipeGesture */,
				CE09D02125D3A375002C0F1B /* Products */,
			);
			sourceTree = "<group>";
		};
		CE09D02125D3A375002C0F1B /* Products */ = {
			isa = PBXGroup;
			children = (
				CE09D02025D3A375002C0F1B /* SwipeGesture.app */,
			);
			name = Products;
			sourceTree = "<group>";
		};
		CE09D02225D3A375002C0F1B /* SwipeGesture */ = {
			isa = PBXGroup;
			children = (
				CE09D03625D3A38E002C0F1B /* images */,
				CE09D02325D3A375002C0F1B /* AppDelegate.swift */,
				CE09D02525D3A375002C0F1B /* ViewController.swift */,
				CE09D02725D3A375002C0F1B /* Main.storyboard */,
				CE09D02A25D3A375002C0F1B /* Assets.xcassets */,
				CE09D02C25D3A375002C0F1B /* LaunchScreen.storyboard */,
				CE09D02F25D3A375002C0F1B /* Info.plist */,
			);
			path = SwipeGesture;
			sourceTree = "<group>";
		};
		CE09D03625D3A38E002C0F1B /* images */ = {
			isa = PBXGroup;
			children = (
				CE09D03725D3A39C002C0F1B /* arrow-down-black.png */,
				CE09D03825D3A39C002C0F1B /* arrow-down-red.png */,
				CE09D03925D3A39C002C0F1B /* arrow-left-black.png */,
				CE09D03A25D3A39C002C0F1B /* arrow-left-red.png */,
				CE09D03B25D3A39C002C0F1B /* arrow-right-black.png */,
				CE09D03C25D3A39C002C0F1B /* arrow-right-red.png */,
				CE09D03D25D3A39C002C0F1B /* arrow-up-black.png */,
				CE09D03E25D3A39C002C0F1B /* arrow-up-red.png */,
				CE09D04725D3A7B0002C0F1B /* arrow-down-green.png */,
				CE09D04825D3A7B0002C0F1B /* arrow-left-green.png */,
				CE09D04925D3A7B0002C0F1B /* arrow-right-green.png */,
				CE09D04A25D3A7B0002C0F1B /* arrow-up-green.png */,
			);
			name = images;
			sourceTree = "<group>";
		};
/* End PBXGroup section */

/* Begin PBXNativeTarget section */
		CE09D01F25D3A375002C0F1B /* SwipeGesture */ = {
			isa = PBXNativeTarget;
			buildConfigurationList = CE09D03225D3A375002C0F1B /* Build configuration list for PBXNativeTarget "SwipeGesture" */;
			buildPhases = (
				CE09D01C25D3A375002C0F1B /* Sources */,
				CE09D01D25D3A375002C0F1B /* Frameworks */,
				CE09D01E25D3A375002C0F1B /* Resources */,
			);
			buildRules = (
			);
			dependencies = (
			);
			name = SwipeGesture;
			productName = SwipeGesture;
			productReference = CE09D02025D3A375002C0F1B /* SwipeGesture.app */;
			productType = "com.apple.product-type.application";
		};
/* End PBXNativeTarget section */

/* Begin PBXProject section */
		CE09D01825D3A375002C0F1B /* Project object */ = {
			isa = PBXProject;
			attributes = {
				LastSwiftUpdateCheck = 0820;
				LastUpgradeCheck = 0820;
				ORGANIZATIONNAME = net.macnpc;
				TargetAttributes = {
					CE09D01F25D3A375002C0F1B = {
						CreatedOnToolsVersion = 8.2.1;
						ProvisioningStyle = Automatic;
					};
				};
			};
			buildConfigurationList = CE09D01B25D3A375002C0F1B /* Build configuration list for PBXProject "SwipeGesture" */;
			compatibilityVersion = "Xcode 3.2";
			developmentRegion = English;
			hasScannedForEncodings = 0;
			knownRegions = (
				en,
				Base,
			);
			mainGroup = CE09D01725D3A375002C0F1B;
			productRefGroup = CE09D02125D3A375002C0F1B /* Products */;
			projectDirPath = "";
			projectRoot = "";
			targets = (
				CE09D01F25D3A375002C0F1B /* SwipeGesture */,
			);
		};
/* End PBXProject section */

/* Begin PBXResourcesBuildPhase section */
		CE09D01E25D3A375002C0F1B /* Resources */ = {
			isa = PBXResourcesBuildPhase;
			buildActionMask = 2147483647;
			files = (
				CE09D04325D3A39C002C0F1B /* arrow-right-black.png in Resources */,
				CE09D04625D3A39C002C0F1B /* arrow-up-red.png in Resources */,
				CE09D04125D3A39C002C0F1B /* arrow-left-black.png in Resources */,
				CE09D04C25D3A7B0002C0F1B /* arrow-left-green.png in Resources */,
				CE09D04D25D3A7B0002C0F1B /* arrow-right-green.png in Resources */,
				CE09D04425D3A39C002C0F1B /* arrow-right-red.png in Resources */,
				CE09D04025D3A39C002C0F1B /* arrow-down-red.png in Resources */,
				CE09D04225D3A39C002C0F1B /* arrow-left-red.png in Resources */,
				CE09D02E25D3A375002C0F1B /* LaunchScreen.storyboard in Resources */,
				CE09D04E25D3A7B0002C0F1B /* arrow-up-green.png in Resources */,
				CE09D04525D3A39C002C0F1B /* arrow-up-black.png in Resources */,
				CE09D03F25D3A39C002C0F1B /* arrow-down-black.png in Resources */,
				CE09D04B25D3A7B0002C0F1B /* arrow-down-green.png in Resources */,
				CE09D02B25D3A375002C0F1B /* Assets.xcassets in Resources */,
				CE09D02925D3A375002C0F1B /* Main.storyboard in Resources */,
			);
			runOnlyForDeploymentPostprocessing = 0;
		};
/* End PBXResourcesBuildPhase section */

/* Begin PBXSourcesBuildPhase section */
		CE09D01C25D3A375002C0F1B /* Sources */ = {
			isa = PBXSourcesBuildPhase;
			buildActionMask = 2147483647;
			files = (
				CE09D02625D3A375002C0F1B /* ViewController.swift in Sources */,
				CE09D02425D3A375002C0F1B /* AppDelegate.swift in Sources */,
			);
			runOnlyForDeploymentPostprocessing = 0;
		};
/* End PBXSourcesBuildPhase section */

/* Begin PBXVariantGroup section */
		CE09D02725D3A375002C0F1B /* Main.storyboard */ = {
			isa = PBXVariantGroup;
			children = (
				CE09D02825D3A375002C0F1B /* Base */,
			);
			name = Main.storyboard;
			sourceTree = "<group>";
		};
		CE09D02C25D3A375002C0F1B /* LaunchScreen.storyboard */ = {
			isa = PBXVariantGroup;
			children = (
				CE09D02D25D3A375002C0F1B /* Base */,
			);
			name = LaunchScreen.storyboard;
			sourceTree = "<group>";
		};
/* End PBXVariantGroup section */

/* Begin XCBuildConfiguration section */
		CE09D03025D3A375002C0F1B /* Debug */ = {
			isa = XCBuildConfiguration;
			buildSettings = {
				ALWAYS_SEARCH_USER_PATHS = NO;
				CLANG_ANALYZER_NONNULL = YES;
				CLANG_CXX_LANGUAGE_STANDARD = "gnu++0x";
				CLANG_CXX_LIBRARY = "libc++";
				CLANG_ENABLE_MODULES = YES;
				CLANG_ENABLE_OBJC_ARC = YES;
				CLANG_WARN_BOOL_CONVERSION = YES;
				CLANG_WARN_CONSTANT_CONVERSION = YES;
				CLANG_WARN_DIRECT_OBJC_ISA_USAGE = YES_ERROR;
				CLANG_WARN_DOCUMENTATION_COMMENTS = YES;
				CLANG_WARN_EMPTY_BODY = YES;
				CLANG_WARN_ENUM_CONVERSION = YES;
				CLANG_WARN_INFINITE_RECURSION = YES;
				CLANG_WARN_INT_CONVERSION = YES;
				CLANG_WARN_OBJC_ROOT_CLASS = YES_ERROR;
				CLANG_WARN_SUSPICIOUS_MOVE = YES;
				CLANG_WARN_UNREACHABLE_CODE = YES;
				CLANG_WARN__DUPLICATE_METHOD_MATCH = YES;
				"CODE_SIGN_IDENTITY[sdk=iphoneos*]" = "iPhone Developer";
				COPY_PHASE_STRIP = NO;
				DEBUG_INFORMATION_FORMAT = dwarf;
				ENABLE_STRICT_OBJC_MSGSEND = YES;
				ENABLE_TESTABILITY = YES;
				GCC_C_LANGUAGE_STANDARD = gnu99;
				GCC_DYNAMIC_NO_PIC = NO;
				GCC_NO_COMMON_BLOCKS = YES;
				GCC_OPTIMIZATION_LEVEL = 0;
				GCC_PREPROCESSOR_DEFINITIONS = (
					"DEBUG=1",
					"$(inherited)",
				);
				GCC_WARN_64_TO_32_BIT_CONVERSION = YES;
				GCC_WARN_ABOUT_RETURN_TYPE = YES_ERROR;
				GCC_WARN_UNDECLARED_SELECTOR = YES;
				GCC_WARN_UNINITIALIZED_AUTOS = YES_AGGRESSIVE;
				GCC_WARN_UNUSED_FUNCTION = YES;
				GCC_WARN_UNUSED_VARIABLE = YES;
				IPHONEOS_DEPLOYMENT_TARGET = 10.2;
				MTL_ENABLE_DEBUG_INFO = YES;
				ONLY_ACTIVE_ARCH = YES;
				SDKROOT = iphoneos;
				SWIFT_ACTIVE_COMPILATION_CONDITIONS = DEBUG;
				SWIFT_OPTIMIZATION_LEVEL = "-Onone";
			};
			name = Debug;
		};
		CE09D03125D3A375002C0F1B /* Release */ = {
			isa = XCBuildConfiguration;
			buildSettings = {
				ALWAYS_SEARCH_USER_PATHS = NO;
				CLANG_ANALYZER_NONNULL = YES;
				CLANG_CXX_LANGUAGE_STANDARD = "gnu++0x";
				CLANG_CXX_LIBRARY = "libc++";
				CLANG_ENABLE_MODULES = YES;
				CLANG_ENABLE_OBJC_ARC = YES;
				CLANG_WARN_BOOL_CONVERSION = YES;
				CLANG_WARN_CONSTANT_CONVERSION = YES;
				CLANG_WARN_DIRECT_OBJC_ISA_USAGE = YES_ERROR;
				CLANG_WARN_DOCUMENTATION_COMMENTS = YES;
				CLANG_WARN_EMPTY_BODY = YES;
				CLANG_WARN_ENUM_CONVERSION = YES;
				CLANG_WARN_INFINITE_RECURSION = YES;
				CLANG_WARN_INT_CONVERSION = YES;
				CLANG_WARN_OBJC_ROOT_CLASS = YES_ERROR;
				CLANG_WARN_SUSPICIOUS_MOVE = YES;
				CLANG_WARN_UNREACHABLE_CODE = YES;
				CLANG_WARN__DUPLICATE_METHOD_MATCH = YES;
				"CODE_SIGN_IDENTITY[sdk=iphoneos*]" = "iPhone Developer";
				COPY_PHASE_STRIP = NO;
				DEBUG_INFORMATION_FORMAT = "dwarf-with-dsym";
				ENABLE_NS_ASSERTIONS = NO;
				ENABLE_STRICT_OBJC_MSGSEND = YES;
				GCC_C_LANGUAGE_STANDARD = gnu99;
				GCC_NO_COMMON_BLOCKS = YES;
				GCC_WARN_64_TO_32_BIT_CONVERSION = YES;
				GCC_WARN_ABOUT_RETURN_TYPE = YES_ERROR;
				GCC_WARN_UNDECLARED_SELECTOR = YES;
				GCC_WARN_UNINITIALIZED_AUTOS = YES_AGGRESSIVE;
				GCC_WARN_UNUSED_FUNCTION = YES;
				GCC_WARN_UNUSED_VARIABLE = YES;
				IPHONEOS_DEPLOYMENT_TARGET = 10.2;
				MTL_ENABLE_DEBUG_INFO = NO;
				SDKROOT = iphoneos;
				SWIFT_OPTIMIZATION_LEVEL = "-Owholemodule";
				VALIDATE_PRODUCT = YES;
			};
			name = Release;
		};
		CE09D03325D3A375002C0F1B /* Debug */ = {
			isa = XCBuildConfiguration;
			buildSettings = {
				ASSETCATALOG_COMPILER_APPICON_NAME = AppIcon;
				INFOPLIST_FILE = SwipeGesture/Info.plist;
				LD_RUNPATH_SEARCH_PATHS = "$(inherited) @executable_path/Frameworks";
				PRODUCT_BUNDLE_IDENTIFIER = net.macnpc.SwipeGesture;
				PRODUCT_NAME = "$(TARGET_NAME)";
				SWIFT_VERSION = 3.0;
			};
			name = Debug;
		};
		CE09D03425D3A375002C0F1B /* Release */ = {
			isa = XCBuildConfiguration;
			buildSettings = {
				ASSETCATALOG_COMPILER_APPICON_NAME = AppIcon;
				INFOPLIST_FILE = SwipeGesture/Info.plist;
				LD_RUNPATH_SEARCH_PATHS = "$(inherited) @executable_path/Frameworks";
				PRODUCT_BUNDLE_IDENTIFIER = net.macnpc.SwipeGesture;
				PRODUCT_NAME = "$(TARGET_NAME)";
				SWIFT_VERSION = 3.0;
			};
			name = Release;
		};
/* End XCBuildConfiguration section */

/* Begin XCConfigurationList section */
		CE09D01B25D3A375002C0F1B /* Build configuration list for PBXProject "SwipeGesture" */ = {
			isa = XCConfigurationList;
			buildConfigurations = (
				CE09D03025D3A375002C0F1B /* Debug */,
				CE09D03125D3A375002C0F1B /* Release */,
			);
			defaultConfigurationIsVisible = 0;
			defaultConfigurationName = Release;
		};
		CE09D03225D3A375002C0F1B /* Build configuration list for PBXNativeTarget "SwipeGesture" */ = {
			isa = XCConfigurationList;
			buildConfigurations = (
				CE09D03325D3A375002C0F1B /* Debug */,
				CE09D03425D3A375002C0F1B /* Release */,
			);
			defaultConfigurationIsVisible = 0;
		};
/* End XCConfigurationList section */
	};
	rootObject = CE09D01825D3A375002C0F1B /* Project object */;
}
